{
  "name": "mocki",
  "version": "1.0.0",
  "lockfileVersion": 2,
  "requires": true,
  "packages": {
    "": {
      "name": "mocki",
      "version": "1.0.0",
      "license": "ISC",
      "devDependencies": {
        "mockaroo": "^0.1.7"
      }
    },
    "node_modules/axios": {
      "version": "0.5.4",
      "resolved": "https://registry.npmjs.org/axios/-/axios-0.5.4.tgz",
      "integrity": "sha512-98BQ+iyqX2IoI/P24W5E+1xbUSChUAWJlCU5uLa4aBgOeXYotSn0VcHwY1ETE+jxd7lgzDOCwYB1uYw83ViHKw==",
      "deprecated": "Critical security vulnerability fixed in v0.21.1. For more information, see https://github.com/axios/axios/pull/3410",
      "dev": true,
      "dependencies": {
        "es6-promise": "^2.0.1"
      }
    },
    "node_modules/core-js": {
      "version": "0.9.18",
      "resolved": "https://registry.npmjs.org/core-js/-/core-js-0.9.18.tgz",
      "integrity": "sha512-5j64XDadPQy+mCuQBKY/+Ra61jZLhBxDjpPKqn5x4f9XN/WanVQOWsN0RXytP3s/w8+dfq8BHBJkRClccip5EQ==",
      "deprecated": "core-js@<3.23.3 is no longer maintained and not recommended for usage due to the number of issues. Because of the V8 engine whims, feature detection in old core-js versions could cause a slowdown up to 100x even if nothing is polyfilled. Some versions have web compatibility issues. Please, upgrade your dependencies to the actual version of core-js.",
      "dev": true
    },
    "node_modules/es6-promise": {
      "version": "2.3.0",
      "resolved": "https://registry.npmjs.org/es6-promise/-/es6-promise-2.3.0.tgz",
      "integrity": "sha512-oyOjMhyKMLEjOOtvkwg0G4pAzLQ9WdbbeX7WdqKzvYXu+UFgD0Zo/Brq5Q49zNmnGPPzV5rmYvrr0jz1zWx8Iw==",
      "dev": true
    },
    "node_modules/mockaroo": {
      "version": "0.1.7",
      "resolved": "https://registry.npmjs.org/mockaroo/-/mockaroo-0.1.7.tgz",
      "integrity": "sha512-cZx67n91K03DOiJxs4nfzHEc/ZcofCQIrtWrrGwcT7/zmlF0/+rt5MIkNzaoc/voqQ7m0+FUz+9HThLFvVQaww==",
      "dev": true,
      "dependencies": {
        "axios": "^0.5.4",
        "core-js": "^0.9.13"
      }
    }
  },
  "dependencies": {
    "axios": {
      "version": "0.5.4",
      "resolved": "https://registry.npmjs.org/axios/-/axios-0.5.4.tgz",
      "integrity": "sha512-98BQ+iyqX2IoI/P24W5E+1xbUSChUAWJlCU5uLa4aBgOeXYotSn0VcHwY1ETE+jxd7lgzDOCwYB1uYw83ViHKw==",
      "dev": true,
      "requires": {
        "es6-promise": "^2.0.1"
      }
    },
    "core-js": {
      "version": "0.9.18",
      "resolved": "https://registry.npmjs.org/core-js/-/core-js-0.9.18.tgz",
      "integrity": "sha512-5j64XDadPQy+mCuQBKY/+Ra61jZLhBxDjpPKqn5x4f9XN/WanVQOWsN0RXytP3s/w8+dfq8BHBJkRClccip5EQ==",
      "dev": true
    },
    "es6-promise": {
      "version": "2.3.0",
      "resolved": "https://registry.npmjs.org/es6-promise/-/es6-promise-2.3.0.tgz",
      "integrity": "sha512-oyOjMhyKMLEjOOtvkwg0G4pAzLQ9WdbbeX7WdqKzvYXu+UFgD0Zo/Brq5Q49zNmnGPPzV5rmYvrr0jz1zWx8Iw==",
      "dev": true
    },
    "mockaroo": {
      "version": "0.1.7",
      "resolved": "https://registry.npmjs.org/mockaroo/-/mockaroo-0.1.7.tgz",
      "integrity": "sha512-cZx67n91K03DOiJxs4nfzHEc/ZcofCQIrtWrrGwcT7/zmlF0/+rt5MIkNzaoc/voqQ7m0+FUz+9HThLFvVQaww==",
      "dev": true,
      "requires": {
        "axios": "^0.5.4",
        "core-js": "^0.9.13"
      }
    }
  }
}
